
Microsoft Visual Studio Solution File, Format Version 12.00
# Visual Studio Version 17
VisualStudioVersion = 17.14.36203.30 d17.14
MinimumVisualStudioVersion = 10.0.40219.1
Project("{FAE04EC0-301F-11D3-BF4B-00C04F79EFBC}") = "DCT.TT.CryptoInfo", "DCT.TT.CryptoInfo\DCT.TT.CryptoInfo.csproj", "{597366ED-909C-474B-A84E-7D2483796024}"
EndProject
Global
	GlobalSection(SolutionConfigurationPlatforms) = preSolution
		Debug|Any CPU = Debug|Any CPU
		Release|Any CPU = Release|Any CPU
	EndGlobalSection
	GlobalSection(ProjectConfigurationPlatforms) = postSolution
		{597366ED-909C-474B-A84E-7D2483796024}.Debug|Any CPU.ActiveCfg = Debug|Any CPU
		{597366ED-909C-474B-A84E-7D2483796024}.Debug|Any CPU.Build.0 = Debug|Any CPU
		{597366ED-909C-474B-A84E-7D2483796024}.Release|Any CPU.ActiveCfg = Release|Any CPU
		{597366ED-909C-474B-A84E-7D2483796024}.Release|Any CPU.Build.0 = Release|Any CPU
	EndGlobalSection
	GlobalSection(SolutionProperties) = preSolution
		HideSolutionNode = FALSE
	EndGlobalSection
	GlobalSection(ExtensibilityGlobals) = postSolution
		SolutionGuid = {5B39913C-799D-498C-8462-19E26ABCB1D3}
	EndGlobalSection
EndGlobal
